{
    "_readme": [
        "This file locks the dependencies of your project to a known state",
        "Read more about it at https://getcomposer.org/doc/01-basic-usage.md#installing-dependencies",
        "This file is @generated automatically"
    ],
    "content-hash": "xyz",
    "packages": [
        {
            "name": "woehrl01/reference-workitems",
            "version": "v0.0.2",
            "source": {
                "type": "git",
                "url": "git@github.com:woehrl01/reference-workitems.git",
                "reference": "8c636c3b69143c85a5aef000765842b0038498ac"
            }
        }
    ]
}
