{
    "_readme": [
        "This file locks the dependencies of your project to a known state",
        "Read more about it at https://getcomposer.org/doc/01-basic-usage.md#installing-dependencies",
        "This file is @generated automatically"
    ],
    "content-hash": "xyz",
    "packages": [
        {
            "name": "woehrl01/php-test-project",
            "version": "v0.0.1",
            "source": {
                "type": "git",
                "url": "git@github.com:woehrl01/php-test-project.git",
                "reference": "44c7432de93b144e914f3dcd6195684a81935b05"
            }
        }
    ]
}
